[
  "analysis/cancel/[run_id]/route.ts",
  "analysis/delete/[run_id]/route.ts",
  "analysis/issues/[runId]/route.ts",
  "analysis/mark-fixed/route.ts",
  "analysis/progress/[runId]/route.ts",
  "analysis/run/route.ts",
  "analysis/runs/route.ts",
  "atlas/chat/route.ts",
  "atlas/logs/clear/route.ts",
  "atlas/logs/route.ts",
  "atlasChat/route.ts",
  "atlasChat/stream/route.ts",
  "atlasPatch/route.ts",
  "atlasSkills/route.ts",
  "client-logs/route.ts",
  "console/commands/run/route.ts",
  "console/files/content/route.ts",
  "console/files/patch/route.ts",
  "console/files/route.ts",
  "console/sessions/[sessionId]/clear/route.ts",
  "console/sessions/route.ts",
  "console-logs/route.ts",
  "debug-log/route.ts",
  "debug-particles/route.ts",
  "fix/batch/route.ts",
  "fix/generate/route.ts",
  "fix/status/[job_id]/route.ts",
  "learning/corrections/route.ts",
  "particle-debug/route.ts",
  "sandbox/apply-changes/route.ts",
  "sandbox/health/route.ts",
  "sandbox/history/route.ts",
  "sandbox/proposals/[proposal_id]/route.ts",
  "sandbox/proposals/route.ts",
  "sandbox/rollback-changes/route.ts",
  "sandbox/route.ts",
  "sandbox/statistics/route.ts",
  "tasks/route.ts",
  "uiPatch/route.ts",
  "uiPatchAuto/route.ts",
  "atlasLearning/patterns/route.ts",
  "atlasChat/voice-approved/route.ts",
  "fix/cancel/[job_id]/route.ts",
  "tts/route.ts"
]